{
  "name": "backend",
  "lockfileVersion": 3,
  "requires": true,
  "packages": {
    "": {
      "dependencies": {
        "backend": "file:.."
      }
    },
    "..": {
      "version": "1.0.0",
      "license": "ISC",
      "dependencies": {
        "cors": "^2.8.6",
        "dotenv": "^17.2.3",
        "eventfund-ticket-platform": "file:..",
        "express": "^5.2.1",
        "helmet": "^8.1.0",
        "ioredis": "^5.9.2",
        "mongoose": "^9.1.5"
      },
      "devDependencies": {
        "nodemon": "^3.1.11"
      }
    },
    "node_modules/backend": {
      "resolved": "..",
      "link": true
    }
  }
}
